
Microsoft Visual Studio Solution File, Format Version 12.00
# Visual Studio Version 17
VisualStudioVersion = 17.7.34031.279
MinimumVisualStudioVersion = 10.0.40219.1
Project("{9A19103F-16F7-4668-BE54-9A1E7A4F7556}") = "FrontEnd_Gestion_CiteU", "FrontEnd_Gestion_CiteU.csproj", "{21F879E7-D409-4EBB-A444-6741AD05275C}"
EndProject
Project("{2150E333-8FDC-42A3-9474-1A3956D46DE8}") = "Éléments de solution", "Éléments de solution", "{A31CCBB2-662F-49B9-AB74-0063767C491C}"
EndProject
Project("{54435603-DBB4-11D2-8724-00A0C9A8B90C}") = "CU Management", "..\CU Management\CU Management.vdproj", "{B1E99816-6C66-40C2-8A2A-BBA2E838E8E6}"
EndProject
Global
	GlobalSection(SolutionConfigurationPlatforms) = preSolution
		Debug|Any CPU = Debug|Any CPU
		Release|Any CPU = Release|Any CPU
	EndGlobalSection
	GlobalSection(ProjectConfigurationPlatforms) = postSolution
		{21F879E7-D409-4EBB-A444-6741AD05275C}.Debug|Any CPU.ActiveCfg = Debug|Any CPU
		{21F879E7-D409-4EBB-A444-6741AD05275C}.Debug|Any CPU.Build.0 = Debug|Any CPU
		{21F879E7-D409-4EBB-A444-6741AD05275C}.Release|Any CPU.ActiveCfg = Release|Any CPU
		{21F879E7-D409-4EBB-A444-6741AD05275C}.Release|Any CPU.Build.0 = Release|Any CPU
		{B1E99816-6C66-40C2-8A2A-BBA2E838E8E6}.Debug|Any CPU.ActiveCfg = Debug
		{B1E99816-6C66-40C2-8A2A-BBA2E838E8E6}.Release|Any CPU.ActiveCfg = Release
	EndGlobalSection
	GlobalSection(SolutionProperties) = preSolution
		HideSolutionNode = FALSE
	EndGlobalSection
	GlobalSection(ExtensibilityGlobals) = postSolution
		SolutionGuid = {3B20BEEA-7A0B-483C-9068-9BEDC9A65529}
	EndGlobalSection
EndGlobal
